<?xml version="1.0" encoding="utf-8"?>
<Project ToolsVersion="4.0" xmlns="http://schemas.microsoft.com/developer/msbuild/2003">
  <ItemGroup>
    <Filter Include="Исходные файлы">
      <UniqueIdentifier>{4FC737F1-C7A5-4376-A066-2A32D752A2FF}</UniqueIdentifier>
      <Extensions>cpp;c;cc;cxx;def;odl;idl;hpj;bat;asm;asmx</Extensions>
    </Filter>
    <Filter Include="Файлы заголовков">
      <UniqueIdentifier>{93995380-89BD-4b04-88EB-625FBE52EBFB}</UniqueIdentifier>
      <Extensions>h;hh;hpp;hxx;hm;inl;inc;ipp;xsd</Extensions>
    </Filter>
    <Filter Include="Файлы ресурсов">
      <UniqueIdentifier>{67DA6AB6-F800-4c08-8B7A-83BB121AAD01}</UniqueIdentifier>
      <Extensions>rc;ico;cur;bmp;dlg;rc2;rct;bin;rgs;gif;jpg;jpeg;jpe;resx;tiff;tif;png;wav;mfcribbon-ms</Extensions>
    </Filter>
    <Filter Include="Исходные файлы\static">
      <UniqueIdentifier>{8f76a338-6a6a-4540-a73a-0a8edb45a50d}</UniqueIdentifier>
    </Filter>
    <Filter Include="Исходные файлы\levels">
      <UniqueIdentifier>{6cdfc9e0-7a01-478f-b1c2-5b3ab95be0ae}</UniqueIdentifier>
    </Filter>
  </ItemGroup>
  <ItemGroup>
    <ClCompile Include="config.cpp">
      <Filter>Исходные файлы</Filter>
    </ClCompile>
    <ClCompile Include="level.cpp">
      <Filter>Исходные файлы</Filter>
    </ClCompile>
    <ClCompile Include="main.cpp">
      <Filter>Исходные файлы</Filter>
    </ClCompile>
    <ClCompile Include="point.cpp">
      <Filter>Исходные файлы</Filter>
    </ClCompile>
    <ClCompile Include="requester.cpp">
      <Filter>Исходные файлы</Filter>
    </ClCompile>
  </ItemGroup>
  <ItemGroup>
    <ClInclude Include="json.hpp">
      <Filter>Исходные файлы</Filter>
    </ClInclude>
  </ItemGroup>
  <ItemGroup>
    <Image Include="static\back.png">
      <Filter>Исходные файлы\static</Filter>
    </Image>
    <Image Include="static\flag.png">
      <Filter>Исходные файлы\static</Filter>
    </Image>
    <Image Include="static\platform.png">
      <Filter>Исходные файлы\static</Filter>
    </Image>
    <Image Include="static\player.png">
      <Filter>Исходные файлы\static</Filter>
    </Image>
    <Image Include="static\press_f.png">
      <Filter>Исходные файлы\static</Filter>
    </Image>
  </ItemGroup>
  <ItemGroup>
    <None Include="static\all_lvls.ogg">
      <Filter>Исходные файлы\static</Filter>
    </None>
  </ItemGroup>
  <ItemGroup>
    <Text Include="levels\level1.txt">
      <Filter>Исходные файлы\levels</Filter>
    </Text>
  </ItemGroup>
</Project>